
Microsoft Visual Studio Solution File, Format Version 12.00
# Visual Studio 2013
VisualStudioVersion = 12.0.31101.0
MinimumVisualStudioVersion = 10.0.40219.1
Project("{2150E333-8FDC-42A3-9474-1A3956D46DE8}") = "TestApp01", "TestApp01", "{9EB69AB3-2995-4B2A-9358-050915BB9A7D}"
EndProject
Project("{FAE04EC0-301F-11D3-BF4B-00C04F79EFBC}") = "App01", "App01\App01.csproj", "{26A4D5EF-B744-4813-A695-E04506B6F074}"
EndProject
Project("{2150E333-8FDC-42A3-9474-1A3956D46DE8}") = ".nuget", ".nuget", "{D4F30C8B-FDC9-464F-A323-F1AB1C0A9BD2}"
	ProjectSection(SolutionItems) = preProject
		.nuget\NuGet.Config = .nuget\NuGet.Config
		.nuget\NuGet.exe = .nuget\NuGet.exe
		.nuget\NuGet.targets = .nuget\NuGet.targets
	EndProjectSection
EndProject
Global
	GlobalSection(SolutionConfigurationPlatforms) = preSolution
		Debug|Any CPU = Debug|Any CPU
		Debug|ARM = Debug|ARM
		Debug|x64 = Debug|x64
		Debug|x86 = Debug|x86
		Release|Any CPU = Release|Any CPU
		Release|ARM = Release|ARM
		Release|x64 = Release|x64
		Release|x86 = Release|x86
	EndGlobalSection
	GlobalSection(ProjectConfigurationPlatforms) = postSolution
		{26A4D5EF-B744-4813-A695-E04506B6F074}.Debug|Any CPU.ActiveCfg = Debug|Any CPU
		{26A4D5EF-B744-4813-A695-E04506B6F074}.Debug|Any CPU.Build.0 = Debug|Any CPU
		{26A4D5EF-B744-4813-A695-E04506B6F074}.Debug|ARM.ActiveCfg = Debug|Any CPU
		{26A4D5EF-B744-4813-A695-E04506B6F074}.Debug|x64.ActiveCfg = Debug|Any CPU
		{26A4D5EF-B744-4813-A695-E04506B6F074}.Debug|x86.ActiveCfg = Debug|Any CPU
		{26A4D5EF-B744-4813-A695-E04506B6F074}.Release|Any CPU.ActiveCfg = Release|Any CPU
		{26A4D5EF-B744-4813-A695-E04506B6F074}.Release|Any CPU.Build.0 = Release|Any CPU
		{26A4D5EF-B744-4813-A695-E04506B6F074}.Release|ARM.ActiveCfg = Release|Any CPU
		{26A4D5EF-B744-4813-A695-E04506B6F074}.Release|x64.ActiveCfg = Release|Any CPU
		{26A4D5EF-B744-4813-A695-E04506B6F074}.Release|x86.ActiveCfg = Release|Any CPU
	EndGlobalSection
	GlobalSection(SolutionProperties) = preSolution
		HideSolutionNode = FALSE
	EndGlobalSection
	GlobalSection(NestedProjects) = preSolution
		{26A4D5EF-B744-4813-A695-E04506B6F074} = {9EB69AB3-2995-4B2A-9358-050915BB9A7D}
	EndGlobalSection
EndGlobal
